# This file is autogenerated, do not edit; changes may be undone by the next 'dep ensure'.


[[projects]]
  branch = "master"
  name = "github.com/CzarSimon/mimir"
  packages = [
    "app/backend/pkg/dbutil",
    "app/backend/pkg/id",
    "app/backend/pkg/mq",
    "app/backend/pkg/schema/news"
  ]
  revision = "ea30aea28224d09e716e2db47b57c9b4a4514859"

[[projects]]
  name = "github.com/caarlos0/env"
  packages = ["."]
  revision = "7f73d6597823c7a0c39edd46e1998f90692b2add"
  version = "v3.4.0"

[[projects]]
  name = "github.com/gobuffalo/packr"
  packages = ["."]
  revision = "5a2cbb54c4e7d482e3f518c56f1f86f133d5204f"
  version = "v1.13.7"

[[projects]]
  name = "github.com/pkg/errors"
  packages = ["."]
  revision = "645ef00459ed84a119197bfb8d8205042c6df63d"
  version = "v0.8.0"

[[projects]]
  branch = "master"
  name = "github.com/rubenv/sql-migrate"
  packages = [
    ".",
    "sqlparse"
  ]
  revision = "3f452fc0ebebbb784fdab91f7bc79a31dcacab5c"

[[projects]]
  name = "github.com/satori/go.uuid"
  packages = ["."]
  revision = "f58768cc1a7a7e77a3bd49e98cdd21419399b6a3"
  version = "v1.2.0"

[[projects]]
  branch = "master"
  name = "github.com/streadway/amqp"
  packages = ["."]
  revision = "70e15c650864f4fc47f5d3c82ea117285480895d"

[[projects]]
  name = "gopkg.in/gorp.v1"
  packages = ["."]
  revision = "c87af80f3cc5036b55b83d77171e156791085e2e"
  version = "v1.7.1"

[solve-meta]
  analyzer-name = "dep"
  analyzer-version = 1
  inputs-digest = "027129976fbfd55ab4c8ee6f40c1865a5553356325b8126b294f22ef6a8f60f4"
  solver-name = "gps-cdcl"
  solver-version = 1
