# This file is autogenerated, do not edit; changes may be undone by the next 'dep ensure'.


[[projects]]
  branch = "master"
  name = "github.com/CzarSimon/mimir"
  packages = [
    "app/backend/pkg/id",
    "app/backend/pkg/mq",
    "app/backend/pkg/schema/news"
  ]
  revision = "e495ecaf2d3e20849472acb894f0c64963f1da08"

[[projects]]
  name = "github.com/satori/go.uuid"
  packages = ["."]
  revision = "f58768cc1a7a7e77a3bd49e98cdd21419399b6a3"
  version = "v1.2.0"

[[projects]]
  branch = "master"
  name = "github.com/streadway/amqp"
  packages = ["."]
  revision = "70e15c650864f4fc47f5d3c82ea117285480895d"

[solve-meta]
  analyzer-name = "dep"
  analyzer-version = 1
  inputs-digest = "867bc12aec629f18d30cf109af7c745fe7007ff4fa0f8ef706128ca2f7399ce0"
  solver-name = "gps-cdcl"
  solver-version = 1
